// !$*UTF8*$!
{
	archiveVersion = 1;
	classes = {
	};
	objectVersion = 50;
	objects = {

/* Begin PBXBuildFile section */
		6113C7ED197F88027A5AF180 /* Pods_RxPasswordValidation.framework in Frameworks */ = {isa = PBXBuildFile; fileRef = 4A279EF984A61FEBE1BC0F50 /* Pods_RxPasswordValidation.framework */; };
		64716DC103A1F6130D022089 /* Pods_RxPasswordValidationTests.framework in Frameworks */ = {isa = PBXBuildFile; fileRef = 7DAE3A7E92295D61713AEBAE /* Pods_RxPasswordValidationTests.framework */; };
		8073BD2B22E355A70026BF15 /* AppDelegate.swift in Sources */ = {isa = PBXBuildFile; fileRef = 8073BD2A22E355A70026BF15 /* AppDelegate.swift */; };
		8073BD2D22E355A70026BF15 /* ViewController.swift in Sources */ = {isa = PBXBuildFile; fileRef = 8073BD2C22E355A70026BF15 /* ViewController.swift */; };
		8073BD3022E355A70026BF15 /* Main.storyboard in Resources */ = {isa = PBXBuildFile; fileRef = 8073BD2E22E355A70026BF15 /* Main.storyboard */; };
		8073BD3222E355A80026BF15 /* Assets.xcassets in Resources */ = {isa = PBXBuildFile; fileRef = 8073BD3122E355A80026BF15 /* Assets.xcassets */; };
		8073BD3522E355A80026BF15 /* LaunchScreen.storyboard in Resources */ = {isa = PBXBuildFile; fileRef = 8073BD3322E355A80026BF15 /* LaunchScreen.storyboard */; };
		8073BD4022E355A80026BF15 /* RxPasswordValidationTests.swift in Sources */ = {isa = PBXBuildFile; fileRef = 8073BD3F22E355A80026BF15 /* RxPasswordValidationTests.swift */; };
		8073BD4B22E358770026BF15 /* PinNumberView.swift in Sources */ = {isa = PBXBuildFile; fileRef = 8073BD4A22E358760026BF15 /* PinNumberView.swift */; };
		8073BD4D22E359040026BF15 /* UIColor+Extensition.swift in Sources */ = {isa = PBXBuildFile; fileRef = 8073BD4C22E359040026BF15 /* UIColor+Extensition.swift */; };
		8073BD4F22E359200026BF15 /* UIView+Extensition.swift in Sources */ = {isa = PBXBuildFile; fileRef = 8073BD4E22E359200026BF15 /* UIView+Extensition.swift */; };
		8073BD5122E359310026BF15 /* UIStackView+Extensions.swift in Sources */ = {isa = PBXBuildFile; fileRef = 8073BD5022E359310026BF15 /* UIStackView+Extensions.swift */; };
		8073BD5422E359BA0026BF15 /* PinNumberInputView.swift in Sources */ = {isa = PBXBuildFile; fileRef = 8073BD5222E359BA0026BF15 /* PinNumberInputView.swift */; };
		8073BD5522E359BA0026BF15 /* PinNumberInputViewModel.swift in Sources */ = {isa = PBXBuildFile; fileRef = 8073BD5322E359BA0026BF15 /* PinNumberInputViewModel.swift */; };
		8073BD5A22E4A9B20026BF15 /* ErrorModel.swift in Sources */ = {isa = PBXBuildFile; fileRef = 8073BD5922E4A9B10026BF15 /* ErrorModel.swift */; };
		8073BD5C22E4A9E40026BF15 /* UserAPI.swift in Sources */ = {isa = PBXBuildFile; fileRef = 8073BD5B22E4A9E40026BF15 /* UserAPI.swift */; };
		8073BD5E22E4AE800026BF15 /* ValidatePasswordServiceImpl.swift in Sources */ = {isa = PBXBuildFile; fileRef = 8073BD5D22E4AE800026BF15 /* ValidatePasswordServiceImpl.swift */; };
		8073BD6022E4AEB90026BF15 /* ValidatePasswordServiceMock.swift in Sources */ = {isa = PBXBuildFile; fileRef = 8073BD5F22E4AEB90026BF15 /* ValidatePasswordServiceMock.swift */; };
/* End PBXBuildFile section */

/* Begin PBXContainerItemProxy section */
		8073BD3C22E355A80026BF15 /* PBXContainerItemProxy */ = {
			isa = PBXContainerItemProxy;
			containerPortal = 8073BD1F22E355A70026BF15 /* Project object */;
			proxyType = 1;
			remoteGlobalIDString = 8073BD2622E355A70026BF15;
			remoteInfo = RxPasswordValidation;
		};
/* End PBXContainerItemProxy section */

/* Begin PBXFileReference section */
		22B1C1F7257A6824DF97E167 /* Pods-RxPasswordValidationTests.debug.xcconfig */ = {isa = PBXFileReference; includeInIndex = 1; lastKnownFileType = text.xcconfig; name = "Pods-RxPasswordValidationTests.debug.xcconfig"; path = "Pods/Target Support Files/Pods-RxPasswordValidationTests/Pods-RxPasswordValidationTests.debug.xcconfig"; sourceTree = "<group>"; };
		4A279EF984A61FEBE1BC0F50 /* Pods_RxPasswordValidation.framework */ = {isa = PBXFileReference; explicitFileType = wrapper.framework; includeInIndex = 0; path = Pods_RxPasswordValidation.framework; sourceTree = BUILT_PRODUCTS_DIR; };
		6EB6F867A5CB11204D7EE364 /* Pods-RxPasswordValidation.release.xcconfig */ = {isa = PBXFileReference; includeInIndex = 1; lastKnownFileType = text.xcconfig; name = "Pods-RxPasswordValidation.release.xcconfig"; path = "Pods/Target Support Files/Pods-RxPasswordValidation/Pods-RxPasswordValidation.release.xcconfig"; sourceTree = "<group>"; };
		7DAE3A7E92295D61713AEBAE /* Pods_RxPasswordValidationTests.framework */ = {isa = PBXFileReference; explicitFileType = wrapper.framework; includeInIndex = 0; path = Pods_RxPasswordValidationTests.framework; sourceTree = BUILT_PRODUCTS_DIR; };
		8073BD2722E355A70026BF15 /* RxPasswordValidation.app */ = {isa = PBXFileReference; explicitFileType = wrapper.application; includeInIndex = 0; path = RxPasswordValidation.app; sourceTree = BUILT_PRODUCTS_DIR; };
		8073BD2A22E355A70026BF15 /* AppDelegate.swift */ = {isa = PBXFileReference; lastKnownFileType = sourcecode.swift; path = AppDelegate.swift; sourceTree = "<group>"; };
		8073BD2C22E355A70026BF15 /* ViewController.swift */ = {isa = PBXFileReference; lastKnownFileType = sourcecode.swift; path = ViewController.swift; sourceTree = "<group>"; };
		8073BD2F22E355A70026BF15 /* Base */ = {isa = PBXFileReference; lastKnownFileType = file.storyboard; name = Base; path = Base.lproj/Main.storyboard; sourceTree = "<group>"; };
		8073BD3122E355A80026BF15 /* Assets.xcassets */ = {isa = PBXFileReference; lastKnownFileType = folder.assetcatalog; path = Assets.xcassets; sourceTree = "<group>"; };
		8073BD3422E355A80026BF15 /* Base */ = {isa = PBXFileReference; lastKnownFileType = file.storyboard; name = Base; path = Base.lproj/LaunchScreen.storyboard; sourceTree = "<group>"; };
		8073BD3622E355A80026BF15 /* Info.plist */ = {isa = PBXFileReference; lastKnownFileType = text.plist.xml; path = Info.plist; sourceTree = "<group>"; };
		8073BD3B22E355A80026BF15 /* RxPasswordValidationTests.xctest */ = {isa = PBXFileReference; explicitFileType = wrapper.cfbundle; includeInIndex = 0; path = RxPasswordValidationTests.xctest; sourceTree = BUILT_PRODUCTS_DIR; };
		8073BD3F22E355A80026BF15 /* RxPasswordValidationTests.swift */ = {isa = PBXFileReference; lastKnownFileType = sourcecode.swift; path = RxPasswordValidationTests.swift; sourceTree = "<group>"; };
		8073BD4122E355A80026BF15 /* Info.plist */ = {isa = PBXFileReference; lastKnownFileType = text.plist.xml; path = Info.plist; sourceTree = "<group>"; };
		8073BD4A22E358760026BF15 /* PinNumberView.swift */ = {isa = PBXFileReference; fileEncoding = 4; lastKnownFileType = sourcecode.swift; path = PinNumberView.swift; sourceTree = "<group>"; };
		8073BD4C22E359040026BF15 /* UIColor+Extensition.swift */ = {isa = PBXFileReference; fileEncoding = 4; lastKnownFileType = sourcecode.swift; path = "UIColor+Extensition.swift"; sourceTree = "<group>"; };
		8073BD4E22E359200026BF15 /* UIView+Extensition.swift */ = {isa = PBXFileReference; fileEncoding = 4; lastKnownFileType = sourcecode.swift; path = "UIView+Extensition.swift"; sourceTree = "<group>"; };
		8073BD5022E359310026BF15 /* UIStackView+Extensions.swift */ = {isa = PBXFileReference; fileEncoding = 4; lastKnownFileType = sourcecode.swift; path = "UIStackView+Extensions.swift"; sourceTree = "<group>"; };
		8073BD5222E359BA0026BF15 /* PinNumberInputView.swift */ = {isa = PBXFileReference; fileEncoding = 4; lastKnownFileType = sourcecode.swift; path = PinNumberInputView.swift; sourceTree = "<group>"; };
		8073BD5322E359BA0026BF15 /* PinNumberInputViewModel.swift */ = {isa = PBXFileReference; fileEncoding = 4; lastKnownFileType = sourcecode.swift; path = PinNumberInputViewModel.swift; sourceTree = "<group>"; };
		8073BD5922E4A9B10026BF15 /* ErrorModel.swift */ = {isa = PBXFileReference; fileEncoding = 4; lastKnownFileType = sourcecode.swift; path = ErrorModel.swift; sourceTree = "<group>"; };
		8073BD5B22E4A9E40026BF15 /* UserAPI.swift */ = {isa = PBXFileReference; fileEncoding = 4; lastKnownFileType = sourcecode.swift; path = UserAPI.swift; sourceTree = "<group>"; };
		8073BD5D22E4AE800026BF15 /* ValidatePasswordServiceImpl.swift */ = {isa = PBXFileReference; fileEncoding = 4; lastKnownFileType = sourcecode.swift; path = ValidatePasswordServiceImpl.swift; sourceTree = "<group>"; };
		8073BD5F22E4AEB90026BF15 /* ValidatePasswordServiceMock.swift */ = {isa = PBXFileReference; lastKnownFileType = sourcecode.swift; path = ValidatePasswordServiceMock.swift; sourceTree = "<group>"; };
		9E04071A31936EB49A6E02E8 /* Pods-RxPasswordValidation.debug.xcconfig */ = {isa = PBXFileReference; includeInIndex = 1; lastKnownFileType = text.xcconfig; name = "Pods-RxPasswordValidation.debug.xcconfig"; path = "Pods/Target Support Files/Pods-RxPasswordValidation/Pods-RxPasswordValidation.debug.xcconfig"; sourceTree = "<group>"; };
		EF548EA9D23AB88968E78E25 /* Pods-RxPasswordValidationTests.release.xcconfig */ = {isa = PBXFileReference; includeInIndex = 1; lastKnownFileType = text.xcconfig; name = "Pods-RxPasswordValidationTests.release.xcconfig"; path = "Pods/Target Support Files/Pods-RxPasswordValidationTests/Pods-RxPasswordValidationTests.release.xcconfig"; sourceTree = "<group>"; };
/* End PBXFileReference section */

/* Begin PBXFrameworksBuildPhase section */
		8073BD2422E355A70026BF15 /* Frameworks */ = {
			isa = PBXFrameworksBuildPhase;
			buildActionMask = 2147483647;
			files = (
				6113C7ED197F88027A5AF180 /* Pods_RxPasswordValidation.framework in Frameworks */,
			);
			runOnlyForDeploymentPostprocessing = 0;
		};
		8073BD3822E355A80026BF15 /* Frameworks */ = {
			isa = PBXFrameworksBuildPhase;
			buildActionMask = 2147483647;
			files = (
				64716DC103A1F6130D022089 /* Pods_RxPasswordValidationTests.framework in Frameworks */,
			);
			runOnlyForDeploymentPostprocessing = 0;
		};
/* End PBXFrameworksBuildPhase section */

/* Begin PBXGroup section */
		11ECC90C6EABA6DCFD538EF5 /* Pods */ = {
			isa = PBXGroup;
			children = (
				9E04071A31936EB49A6E02E8 /* Pods-RxPasswordValidation.debug.xcconfig */,
				6EB6F867A5CB11204D7EE364 /* Pods-RxPasswordValidation.release.xcconfig */,
				22B1C1F7257A6824DF97E167 /* Pods-RxPasswordValidationTests.debug.xcconfig */,
				EF548EA9D23AB88968E78E25 /* Pods-RxPasswordValidationTests.release.xcconfig */,
			);
			name = Pods;
			sourceTree = "<group>";
		};
		8073BD1E22E355A70026BF15 = {
			isa = PBXGroup;
			children = (
				8073BD2922E355A70026BF15 /* RxPasswordValidation */,
				8073BD3E22E355A80026BF15 /* RxPasswordValidationTests */,
				8073BD2822E355A70026BF15 /* Products */,
				11ECC90C6EABA6DCFD538EF5 /* Pods */,
				A095270A98BB824789DAC6E4 /* Frameworks */,
			);
			sourceTree = "<group>";
		};
		8073BD2822E355A70026BF15 /* Products */ = {
			isa = PBXGroup;
			children = (
				8073BD2722E355A70026BF15 /* RxPasswordValidation.app */,
				8073BD3B22E355A80026BF15 /* RxPasswordValidationTests.xctest */,
			);
			name = Products;
			sourceTree = "<group>";
		};
		8073BD2922E355A70026BF15 /* RxPasswordValidation */ = {
			isa = PBXGroup;
			children = (
				8073BD5622E4A75B0026BF15 /* Service */,
				8073BD2A22E355A70026BF15 /* AppDelegate.swift */,
				8073BD2C22E355A70026BF15 /* ViewController.swift */,
				8073BD4A22E358760026BF15 /* PinNumberView.swift */,
				8073BD5222E359BA0026BF15 /* PinNumberInputView.swift */,
				8073BD5322E359BA0026BF15 /* PinNumberInputViewModel.swift */,
				8073BD4C22E359040026BF15 /* UIColor+Extensition.swift */,
				8073BD4E22E359200026BF15 /* UIView+Extensition.swift */,
				8073BD5022E359310026BF15 /* UIStackView+Extensions.swift */,
				8073BD2E22E355A70026BF15 /* Main.storyboard */,
				8073BD3122E355A80026BF15 /* Assets.xcassets */,
				8073BD3322E355A80026BF15 /* LaunchScreen.storyboard */,
				8073BD3622E355A80026BF15 /* Info.plist */,
			);
			path = RxPasswordValidation;
			sourceTree = "<group>";
		};
		8073BD3E22E355A80026BF15 /* RxPasswordValidationTests */ = {
			isa = PBXGroup;
			children = (
				8073BD3F22E355A80026BF15 /* RxPasswordValidationTests.swift */,
				8073BD4122E355A80026BF15 /* Info.plist */,
			);
			path = RxPasswordValidationTests;
			sourceTree = "<group>";
		};
		8073BD5622E4A75B0026BF15 /* Service */ = {
			isa = PBXGroup;
			children = (
				8073BD5D22E4AE800026BF15 /* ValidatePasswordServiceImpl.swift */,
				8073BD5F22E4AEB90026BF15 /* ValidatePasswordServiceMock.swift */,
				8073BD5B22E4A9E40026BF15 /* UserAPI.swift */,
				8073BD5922E4A9B10026BF15 /* ErrorModel.swift */,
			);
			path = Service;
			sourceTree = "<group>";
		};
		A095270A98BB824789DAC6E4 /* Frameworks */ = {
			isa = PBXGroup;
			children = (
				4A279EF984A61FEBE1BC0F50 /* Pods_RxPasswordValidation.framework */,
				7DAE3A7E92295D61713AEBAE /* Pods_RxPasswordValidationTests.framework */,
			);
			name = Frameworks;
			sourceTree = "<group>";
		};
/* End PBXGroup section */

/* Begin PBXNativeTarget section */
		8073BD2622E355A70026BF15 /* RxPasswordValidation */ = {
			isa = PBXNativeTarget;
			buildConfigurationList = 8073BD4422E355A80026BF15 /* Build configuration list for PBXNativeTarget "RxPasswordValidation" */;
			buildPhases = (
				E7F7689B54E0792215752CDE /* [CP] Check Pods Manifest.lock */,
				8073BD2322E355A70026BF15 /* Sources */,
				8073BD2422E355A70026BF15 /* Frameworks */,
				8073BD2522E355A70026BF15 /* Resources */,
				890DAA141D4503EB2F7D9906 /* [CP] Embed Pods Frameworks */,
			);
			buildRules = (
			);
			dependencies = (
			);
			name = RxPasswordValidation;
			productName = RxPasswordValidation;
			productReference = 8073BD2722E355A70026BF15 /* RxPasswordValidation.app */;
			productType = "com.apple.product-type.application";
		};
		8073BD3A22E355A80026BF15 /* RxPasswordValidationTests */ = {
			isa = PBXNativeTarget;
			buildConfigurationList = 8073BD4722E355A80026BF15 /* Build configuration list for PBXNativeTarget "RxPasswordValidationTests" */;
			buildPhases = (
				43A8936B01A6C80754D6C69A /* [CP] Check Pods Manifest.lock */,
				8073BD3722E355A80026BF15 /* Sources */,
				8073BD3822E355A80026BF15 /* Frameworks */,
				8073BD3922E355A80026BF15 /* Resources */,
			);
			buildRules = (
			);
			dependencies = (
				8073BD3D22E355A80026BF15 /* PBXTargetDependency */,
			);
			name = RxPasswordValidationTests;
			productName = RxPasswordValidationTests;
			productReference = 8073BD3B22E355A80026BF15 /* RxPasswordValidationTests.xctest */;
			productType = "com.apple.product-type.bundle.unit-test";
		};
/* End PBXNativeTarget section */

/* Begin PBXProject section */
		8073BD1F22E355A70026BF15 /* Project object */ = {
			isa = PBXProject;
			attributes = {
				LastSwiftUpdateCheck = 1020;
				LastUpgradeCheck = 1020;
				ORGANIZATIONNAME = "안관수";
				TargetAttributes = {
					8073BD2622E355A70026BF15 = {
						CreatedOnToolsVersion = 10.2.1;
					};
					8073BD3A22E355A80026BF15 = {
						CreatedOnToolsVersion = 10.2.1;
						TestTargetID = 8073BD2622E355A70026BF15;
					};
				};
			};
			buildConfigurationList = 8073BD2222E355A70026BF15 /* Build configuration list for PBXProject "RxPasswordValidation" */;
			compatibilityVersion = "Xcode 9.3";
			developmentRegion = en;
			hasScannedForEncodings = 0;
			knownRegions = (
				en,
				Base,
			);
			mainGroup = 8073BD1E22E355A70026BF15;
			productRefGroup = 8073BD2822E355A70026BF15 /* Products */;
			projectDirPath = "";
			projectRoot = "";
			targets = (
				8073BD2622E355A70026BF15 /* RxPasswordValidation */,
				8073BD3A22E355A80026BF15 /* RxPasswordValidationTests */,
			);
		};
/* End PBXProject section */

/* Begin PBXResourcesBuildPhase section */
		8073BD2522E355A70026BF15 /* Resources */ = {
			isa = PBXResourcesBuildPhase;
			buildActionMask = 2147483647;
			files = (
				8073BD3522E355A80026BF15 /* LaunchScreen.storyboard in Resources */,
				8073BD3222E355A80026BF15 /* Assets.xcassets in Resources */,
				8073BD3022E355A70026BF15 /* Main.storyboard in Resources */,
			);
			runOnlyForDeploymentPostprocessing = 0;
		};
		8073BD3922E355A80026BF15 /* Resources */ = {
			isa = PBXResourcesBuildPhase;
			buildActionMask = 2147483647;
			files = (
			);
			runOnlyForDeploymentPostprocessing = 0;
		};
/* End PBXResourcesBuildPhase section */

/* Begin PBXShellScriptBuildPhase section */
		43A8936B01A6C80754D6C69A /* [CP] Check Pods Manifest.lock */ = {
			isa = PBXShellScriptBuildPhase;
			buildActionMask = 2147483647;
			files = (
			);
			inputFileListPaths = (
			);
			inputPaths = (
				"${PODS_PODFILE_DIR_PATH}/Podfile.lock",
				"${PODS_ROOT}/Manifest.lock",
			);
			name = "[CP] Check Pods Manifest.lock";
			outputFileListPaths = (
			);
			outputPaths = (
				"$(DERIVED_FILE_DIR)/Pods-RxPasswordValidationTests-checkManifestLockResult.txt",
			);
			runOnlyForDeploymentPostprocessing = 0;
			shellPath = /bin/sh;
			shellScript = "diff \"${PODS_PODFILE_DIR_PATH}/Podfile.lock\" \"${PODS_ROOT}/Manifest.lock\" > /dev/null\nif [ $? != 0 ] ; then\n    # print error to STDERR\n    echo \"error: The sandbox is not in sync with the Podfile.lock. Run 'pod install' or update your CocoaPods installation.\" >&2\n    exit 1\nfi\n# This output is used by Xcode 'outputs' to avoid re-running this script phase.\necho \"SUCCESS\" > \"${SCRIPT_OUTPUT_FILE_0}\"\n";
			showEnvVarsInLog = 0;
		};
		890DAA141D4503EB2F7D9906 /* [CP] Embed Pods Frameworks */ = {
			isa = PBXShellScriptBuildPhase;
			buildActionMask = 2147483647;
			files = (
			);
			inputFileListPaths = (
			);
			inputPaths = (
				"${SRCROOT}/Pods/Target Support Files/Pods-RxPasswordValidation/Pods-RxPasswordValidation-frameworks.sh",
				"${BUILT_PRODUCTS_DIR}/Alamofire/Alamofire.framework",
				"${BUILT_PRODUCTS_DIR}/Moya/Moya.framework",
				"${BUILT_PRODUCTS_DIR}/Result/Result.framework",
				"${BUILT_PRODUCTS_DIR}/RxCocoa/RxCocoa.framework",
				"${BUILT_PRODUCTS_DIR}/RxSwift/RxSwift.framework",
				"${BUILT_PRODUCTS_DIR}/SnapKit/SnapKit.framework",
				"${BUILT_PRODUCTS_DIR}/Then/Then.framework",
			);
			name = "[CP] Embed Pods Frameworks";
			outputFileListPaths = (
			);
			outputPaths = (
				"${TARGET_BUILD_DIR}/${FRAMEWORKS_FOLDER_PATH}/Alamofire.framework",
				"${TARGET_BUILD_DIR}/${FRAMEWORKS_FOLDER_PATH}/Moya.framework",
				"${TARGET_BUILD_DIR}/${FRAMEWORKS_FOLDER_PATH}/Result.framework",
				"${TARGET_BUILD_DIR}/${FRAMEWORKS_FOLDER_PATH}/RxCocoa.framework",
				"${TARGET_BUILD_DIR}/${FRAMEWORKS_FOLDER_PATH}/RxSwift.framework",
				"${TARGET_BUILD_DIR}/${FRAMEWORKS_FOLDER_PATH}/SnapKit.framework",
				"${TARGET_BUILD_DIR}/${FRAMEWORKS_FOLDER_PATH}/Then.framework",
			);
			runOnlyForDeploymentPostprocessing = 0;
			shellPath = /bin/sh;
			shellScript = "\"${SRCROOT}/Pods/Target Support Files/Pods-RxPasswordValidation/Pods-RxPasswordValidation-frameworks.sh\"\n";
			showEnvVarsInLog = 0;
		};
		E7F7689B54E0792215752CDE /* [CP] Check Pods Manifest.lock */ = {
			isa = PBXShellScriptBuildPhase;
			buildActionMask = 2147483647;
			files = (
			);
			inputFileListPaths = (
			);
			inputPaths = (
				"${PODS_PODFILE_DIR_PATH}/Podfile.lock",
				"${PODS_ROOT}/Manifest.lock",
			);
			name = "[CP] Check Pods Manifest.lock";
			outputFileListPaths = (
			);
			outputPaths = (
				"$(DERIVED_FILE_DIR)/Pods-RxPasswordValidation-checkManifestLockResult.txt",
			);
			runOnlyForDeploymentPostprocessing = 0;
			shellPath = /bin/sh;
			shellScript = "diff \"${PODS_PODFILE_DIR_PATH}/Podfile.lock\" \"${PODS_ROOT}/Manifest.lock\" > /dev/null\nif [ $? != 0 ] ; then\n    # print error to STDERR\n    echo \"error: The sandbox is not in sync with the Podfile.lock. Run 'pod install' or update your CocoaPods installation.\" >&2\n    exit 1\nfi\n# This output is used by Xcode 'outputs' to avoid re-running this script phase.\necho \"SUCCESS\" > \"${SCRIPT_OUTPUT_FILE_0}\"\n";
			showEnvVarsInLog = 0;
		};
/* End PBXShellScriptBuildPhase section */

/* Begin PBXSourcesBuildPhase section */
		8073BD2322E355A70026BF15 /* Sources */ = {
			isa = PBXSourcesBuildPhase;
			buildActionMask = 2147483647;
			files = (
				8073BD5A22E4A9B20026BF15 /* ErrorModel.swift in Sources */,
				8073BD4B22E358770026BF15 /* PinNumberView.swift in Sources */,
				8073BD5E22E4AE800026BF15 /* ValidatePasswordServiceImpl.swift in Sources */,
				8073BD5C22E4A9E40026BF15 /* UserAPI.swift in Sources */,
				8073BD6022E4AEB90026BF15 /* ValidatePasswordServiceMock.swift in Sources */,
				8073BD2D22E355A70026BF15 /* ViewController.swift in Sources */,
				8073BD4D22E359040026BF15 /* UIColor+Extensition.swift in Sources */,
				8073BD5422E359BA0026BF15 /* PinNumberInputView.swift in Sources */,
				8073BD5522E359BA0026BF15 /* PinNumberInputViewModel.swift in Sources */,
				8073BD5122E359310026BF15 /* UIStackView+Extensions.swift in Sources */,
				8073BD4F22E359200026BF15 /* UIView+Extensition.swift in Sources */,
				8073BD2B22E355A70026BF15 /* AppDelegate.swift in Sources */,
			);
			runOnlyForDeploymentPostprocessing = 0;
		};
		8073BD3722E355A80026BF15 /* Sources */ = {
			isa = PBXSourcesBuildPhase;
			buildActionMask = 2147483647;
			files = (
				8073BD4022E355A80026BF15 /* RxPasswordValidationTests.swift in Sources */,
			);
			runOnlyForDeploymentPostprocessing = 0;
		};
/* End PBXSourcesBuildPhase section */

/* Begin PBXTargetDependency section */
		8073BD3D22E355A80026BF15 /* PBXTargetDependency */ = {
			isa = PBXTargetDependency;
			target = 8073BD2622E355A70026BF15 /* RxPasswordValidation */;
			targetProxy = 8073BD3C22E355A80026BF15 /* PBXContainerItemProxy */;
		};
/* End PBXTargetDependency section */

/* Begin PBXVariantGroup section */
		8073BD2E22E355A70026BF15 /* Main.storyboard */ = {
			isa = PBXVariantGroup;
			children = (
				8073BD2F22E355A70026BF15 /* Base */,
			);
			name = Main.storyboard;
			sourceTree = "<group>";
		};
		8073BD3322E355A80026BF15 /* LaunchScreen.storyboard */ = {
			isa = PBXVariantGroup;
			children = (
				8073BD3422E355A80026BF15 /* Base */,
			);
			name = LaunchScreen.storyboard;
			sourceTree = "<group>";
		};
/* End PBXVariantGroup section */

/* Begin XCBuildConfiguration section */
		8073BD4222E355A80026BF15 /* Debug */ = {
			isa = XCBuildConfiguration;
			buildSettings = {
				ALWAYS_SEARCH_USER_PATHS = NO;
				CLANG_ANALYZER_NONNULL = YES;
				CLANG_ANALYZER_NUMBER_OBJECT_CONVERSION = YES_AGGRESSIVE;
				CLANG_CXX_LANGUAGE_STANDARD = "gnu++14";
				CLANG_CXX_LIBRARY = "libc++";
				CLANG_ENABLE_MODULES = YES;
				CLANG_ENABLE_OBJC_ARC = YES;
				CLANG_ENABLE_OBJC_WEAK = YES;
				CLANG_WARN_BLOCK_CAPTURE_AUTORELEASING = YES;
				CLANG_WARN_BOOL_CONVERSION = YES;
				CLANG_WARN_COMMA = YES;
				CLANG_WARN_CONSTANT_CONVERSION = YES;
				CLANG_WARN_DEPRECATED_OBJC_IMPLEMENTATIONS = YES;
				CLANG_WARN_DIRECT_OBJC_ISA_USAGE = YES_ERROR;
				CLANG_WARN_DOCUMENTATION_COMMENTS = YES;
				CLANG_WARN_EMPTY_BODY = YES;
				CLANG_WARN_ENUM_CONVERSION = YES;
				CLANG_WARN_INFINITE_RECURSION = YES;
				CLANG_WARN_INT_CONVERSION = YES;
				CLANG_WARN_NON_LITERAL_NULL_CONVERSION = YES;
				CLANG_WARN_OBJC_IMPLICIT_RETAIN_SELF = YES;
				CLANG_WARN_OBJC_LITERAL_CONVERSION = YES;
				CLANG_WARN_OBJC_ROOT_CLASS = YES_ERROR;
				CLANG_WARN_RANGE_LOOP_ANALYSIS = YES;
				CLANG_WARN_STRICT_PROTOTYPES = YES;
				CLANG_WARN_SUSPICIOUS_MOVE = YES;
				CLANG_WARN_UNGUARDED_AVAILABILITY = YES_AGGRESSIVE;
				CLANG_WARN_UNREACHABLE_CODE = YES;
				CLANG_WARN__DUPLICATE_METHOD_MATCH = YES;
				CODE_SIGN_IDENTITY = "iPhone Developer";
				COPY_PHASE_STRIP = NO;
				DEBUG_INFORMATION_FORMAT = dwarf;
				ENABLE_STRICT_OBJC_MSGSEND = YES;
				ENABLE_TESTABILITY = YES;
				GCC_C_LANGUAGE_STANDARD = gnu11;
				GCC_DYNAMIC_NO_PIC = NO;
				GCC_NO_COMMON_BLOCKS = YES;
				GCC_OPTIMIZATION_LEVEL = 0;
				GCC_PREPROCESSOR_DEFINITIONS = (
					"DEBUG=1",
					"$(inherited)",
				);
				GCC_WARN_64_TO_32_BIT_CONVERSION = YES;
				GCC_WARN_ABOUT_RETURN_TYPE = YES_ERROR;
				GCC_WARN_UNDECLARED_SELECTOR = YES;
				GCC_WARN_UNINITIALIZED_AUTOS = YES_AGGRESSIVE;
				GCC_WARN_UNUSED_FUNCTION = YES;
				GCC_WARN_UNUSED_VARIABLE = YES;
				IPHONEOS_DEPLOYMENT_TARGET = 12.2;
				MTL_ENABLE_DEBUG_INFO = INCLUDE_SOURCE;
				MTL_FAST_MATH = YES;
				ONLY_ACTIVE_ARCH = YES;
				SDKROOT = iphoneos;
				SWIFT_ACTIVE_COMPILATION_CONDITIONS = DEBUG;
				SWIFT_OPTIMIZATION_LEVEL = "-Onone";
			};
			name = Debug;
		};
		8073BD4322E355A80026BF15 /* Release */ = {
			isa = XCBuildConfiguration;
			buildSettings = {
				ALWAYS_SEARCH_USER_PATHS = NO;
				CLANG_ANALYZER_NONNULL = YES;
				CLANG_ANALYZER_NUMBER_OBJECT_CONVERSION = YES_AGGRESSIVE;
				CLANG_CXX_LANGUAGE_STANDARD = "gnu++14";
				CLANG_CXX_LIBRARY = "libc++";
				CLANG_ENABLE_MODULES = YES;
				CLANG_ENABLE_OBJC_ARC = YES;
				CLANG_ENABLE_OBJC_WEAK = YES;
				CLANG_WARN_BLOCK_CAPTURE_AUTORELEASING = YES;
				CLANG_WARN_BOOL_CONVERSION = YES;
				CLANG_WARN_COMMA = YES;
				CLANG_WARN_CONSTANT_CONVERSION = YES;
				CLANG_WARN_DEPRECATED_OBJC_IMPLEMENTATIONS = YES;
				CLANG_WARN_DIRECT_OBJC_ISA_USAGE = YES_ERROR;
				CLANG_WARN_DOCUMENTATION_COMMENTS = YES;
				CLANG_WARN_EMPTY_BODY = YES;
				CLANG_WARN_ENUM_CONVERSION = YES;
				CLANG_WARN_INFINITE_RECURSION = YES;
				CLANG_WARN_INT_CONVERSION = YES;
				CLANG_WARN_NON_LITERAL_NULL_CONVERSION = YES;
				CLANG_WARN_OBJC_IMPLICIT_RETAIN_SELF = YES;
				CLANG_WARN_OBJC_LITERAL_CONVERSION = YES;
				CLANG_WARN_OBJC_ROOT_CLASS = YES_ERROR;
				CLANG_WARN_RANGE_LOOP_ANALYSIS = YES;
				CLANG_WARN_STRICT_PROTOTYPES = YES;
				CLANG_WARN_SUSPICIOUS_MOVE = YES;
				CLANG_WARN_UNGUARDED_AVAILABILITY = YES_AGGRESSIVE;
				CLANG_WARN_UNREACHABLE_CODE = YES;
				CLANG_WARN__DUPLICATE_METHOD_MATCH = YES;
				CODE_SIGN_IDENTITY = "iPhone Developer";
				COPY_PHASE_STRIP = NO;
				DEBUG_INFORMATION_FORMAT = "dwarf-with-dsym";
				ENABLE_NS_ASSERTIONS = NO;
				ENABLE_STRICT_OBJC_MSGSEND = YES;
				GCC_C_LANGUAGE_STANDARD = gnu11;
				GCC_NO_COMMON_BLOCKS = YES;
				GCC_WARN_64_TO_32_BIT_CONVERSION = YES;
				GCC_WARN_ABOUT_RETURN_TYPE = YES_ERROR;
				GCC_WARN_UNDECLARED_SELECTOR = YES;
				GCC_WARN_UNINITIALIZED_AUTOS = YES_AGGRESSIVE;
				GCC_WARN_UNUSED_FUNCTION = YES;
				GCC_WARN_UNUSED_VARIABLE = YES;
				IPHONEOS_DEPLOYMENT_TARGET = 12.2;
				MTL_ENABLE_DEBUG_INFO = NO;
				MTL_FAST_MATH = YES;
				SDKROOT = iphoneos;
				SWIFT_COMPILATION_MODE = wholemodule;
				SWIFT_OPTIMIZATION_LEVEL = "-O";
				VALIDATE_PRODUCT = YES;
			};
			name = Release;
		};
		8073BD4522E355A80026BF15 /* Debug */ = {
			isa = XCBuildConfiguration;
			baseConfigurationReference = 9E04071A31936EB49A6E02E8 /* Pods-RxPasswordValidation.debug.xcconfig */;
			buildSettings = {
				ASSETCATALOG_COMPILER_APPICON_NAME = AppIcon;
				CODE_SIGN_STYLE = Automatic;
				DEVELOPMENT_TEAM = J2M527XW7A;
				INFOPLIST_FILE = RxPasswordValidation/Info.plist;
				LD_RUNPATH_SEARCH_PATHS = (
					"$(inherited)",
					"@executable_path/Frameworks",
				);
				PRODUCT_BUNDLE_IDENTIFIER = "Blue-Whale.RxPasswordValidation";
				PRODUCT_NAME = "$(TARGET_NAME)";
				SWIFT_VERSION = 4.2;
				TARGETED_DEVICE_FAMILY = "1,2";
			};
			name = Debug;
		};
		8073BD4622E355A80026BF15 /* Release */ = {
			isa = XCBuildConfiguration;
			baseConfigurationReference = 6EB6F867A5CB11204D7EE364 /* Pods-RxPasswordValidation.release.xcconfig */;
			buildSettings = {
				ASSETCATALOG_COMPILER_APPICON_NAME = AppIcon;
				CODE_SIGN_STYLE = Automatic;
				DEVELOPMENT_TEAM = J2M527XW7A;
				INFOPLIST_FILE = RxPasswordValidation/Info.plist;
				LD_RUNPATH_SEARCH_PATHS = (
					"$(inherited)",
					"@executable_path/Frameworks",
				);
				PRODUCT_BUNDLE_IDENTIFIER = "Blue-Whale.RxPasswordValidation";
				PRODUCT_NAME = "$(TARGET_NAME)";
				SWIFT_VERSION = 4.2;
				TARGETED_DEVICE_FAMILY = "1,2";
			};
			name = Release;
		};
		8073BD4822E355A80026BF15 /* Debug */ = {
			isa = XCBuildConfiguration;
			baseConfigurationReference = 22B1C1F7257A6824DF97E167 /* Pods-RxPasswordValidationTests.debug.xcconfig */;
			buildSettings = {
				ALWAYS_EMBED_SWIFT_STANDARD_LIBRARIES = YES;
				BUNDLE_LOADER = "$(TEST_HOST)";
				CODE_SIGN_STYLE = Automatic;
				DEVELOPMENT_TEAM = J2M527XW7A;
				INFOPLIST_FILE = RxPasswordValidationTests/Info.plist;
				LD_RUNPATH_SEARCH_PATHS = (
					"$(inherited)",
					"@executable_path/Frameworks",
					"@loader_path/Frameworks",
				);
				PRODUCT_BUNDLE_IDENTIFIER = "Blue-Whale.RxPasswordValidationTests";
				PRODUCT_NAME = "$(TARGET_NAME)";
				SWIFT_VERSION = 5.0;
				TARGETED_DEVICE_FAMILY = "1,2";
				TEST_HOST = "$(BUILT_PRODUCTS_DIR)/RxPasswordValidation.app/RxPasswordValidation";
			};
			name = Debug;
		};
		8073BD4922E355A80026BF15 /* Release */ = {
			isa = XCBuildConfiguration;
			baseConfigurationReference = EF548EA9D23AB88968E78E25 /* Pods-RxPasswordValidationTests.release.xcconfig */;
			buildSettings = {
				ALWAYS_EMBED_SWIFT_STANDARD_LIBRARIES = YES;
				BUNDLE_LOADER = "$(TEST_HOST)";
				CODE_SIGN_STYLE = Automatic;
				DEVELOPMENT_TEAM = J2M527XW7A;
				INFOPLIST_FILE = RxPasswordValidationTests/Info.plist;
				LD_RUNPATH_SEARCH_PATHS = (
					"$(inherited)",
					"@executable_path/Frameworks",
					"@loader_path/Frameworks",
				);
				PRODUCT_BUNDLE_IDENTIFIER = "Blue-Whale.RxPasswordValidationTests";
				PRODUCT_NAME = "$(TARGET_NAME)";
				SWIFT_VERSION = 5.0;
				TARGETED_DEVICE_FAMILY = "1,2";
				TEST_HOST = "$(BUILT_PRODUCTS_DIR)/RxPasswordValidation.app/RxPasswordValidation";
			};
			name = Release;
		};
/* End XCBuildConfiguration section */

/* Begin XCConfigurationList section */
		8073BD2222E355A70026BF15 /* Build configuration list for PBXProject "RxPasswordValidation" */ = {
			isa = XCConfigurationList;
			buildConfigurations = (
				8073BD4222E355A80026BF15 /* Debug */,
				8073BD4322E355A80026BF15 /* Release */,
			);
			defaultConfigurationIsVisible = 0;
			defaultConfigurationName = Release;
		};
		8073BD4422E355A80026BF15 /* Build configuration list for PBXNativeTarget "RxPasswordValidation" */ = {
			isa = XCConfigurationList;
			buildConfigurations = (
				8073BD4522E355A80026BF15 /* Debug */,
				8073BD4622E355A80026BF15 /* Release */,
			);
			defaultConfigurationIsVisible = 0;
			defaultConfigurationName = Release;
		};
		8073BD4722E355A80026BF15 /* Build configuration list for PBXNativeTarget "RxPasswordValidationTests" */ = {
			isa = XCConfigurationList;
			buildConfigurations = (
				8073BD4822E355A80026BF15 /* Debug */,
				8073BD4922E355A80026BF15 /* Release */,
			);
			defaultConfigurationIsVisible = 0;
			defaultConfigurationName = Release;
		};
/* End XCConfigurationList section */
	};
	rootObject = 8073BD1F22E355A70026BF15 /* Project object */;
}
